// !$*UTF8*$!
{
	archiveVersion = 1;
	classes = {
	};
	objectVersion = 46;
	objects = {

/* Begin PBXFileReference section */
		8E5A881A1A8A307800BA637B /* plot_Err_Da.py */ = {isa = PBXFileReference; fileEncoding = 4; lastKnownFileType = text.script.python; path = plot_Err_Da.py; sourceTree = "<group>"; };
		8E5A881C1A8A307800BA637B /* FoM_all_no_prior.py */ = {isa = PBXFileReference; fileEncoding = 4; lastKnownFileType = text.script.python; path = FoM_all_no_prior.py; sourceTree = "<group>"; };
		8E5A881D1A8A307800BA637B /* FoM_all_.py */ = {isa = PBXFileReference; fileEncoding = 4; lastKnownFileType = text.script.python; path = FoM_all_.py; sourceTree = "<group>"; };
		8E5A88201A8A307800BA637B /* fit_Euclid.py */ = {isa = PBXFileReference; fileEncoding = 4; lastKnownFileType = text.script.python; path = fit_Euclid.py; sourceTree = "<group>"; };
		8E5A88231A8A449400BA637B /* constants.py */ = {isa = PBXFileReference; fileEncoding = 4; lastKnownFileType = text.script.python; path = constants.py; sourceTree = "<group>"; };
		8E5A88241A8A456500BA637B /* make.py */ = {isa = PBXFileReference; fileEncoding = 4; lastKnownFileType = text.script.python; path = make.py; sourceTree = "<group>"; };
		8EAF8A5C1A8A9B39001DC967 /* test.py */ = {isa = PBXFileReference; fileEncoding = 4; lastKnownFileType = text.script.python; path = test.py; sourceTree = "<group>"; };
		8EAF8A5D1A8A9CC4001DC967 /* functions.py */ = {isa = PBXFileReference; fileEncoding = 4; lastKnownFileType = text.script.python; path = functions.py; sourceTree = "<group>"; };
		8EAF8A601A8CDBF0001DC967 /* plot_Err_H.py */ = {isa = PBXFileReference; fileEncoding = 4; lastKnownFileType = text.script.python; path = plot_Err_H.py; sourceTree = "<group>"; };
		8EC001121A9B8BC5008F5AB5 /* FoM_all_with_prior.py */ = {isa = PBXFileReference; fileEncoding = 4; lastKnownFileType = text.script.python; path = FoM_all_with_prior.py; sourceTree = "<group>"; };
		8EC001131AA09137008F5AB5 /* fit_BOSS.py */ = {isa = PBXFileReference; fileEncoding = 4; lastKnownFileType = text.script.python; path = fit_BOSS.py; sourceTree = "<group>"; };
		8EC001141AA3019D008F5AB5 /* plot_Ok_vs_w.py */ = {isa = PBXFileReference; fileEncoding = 4; lastKnownFileType = text.script.python; path = plot_Ok_vs_w.py; sourceTree = "<group>"; };
		8EC001151AA3019D008F5AB5 /* plot_w_vs_wa.py */ = {isa = PBXFileReference; fileEncoding = 4; lastKnownFileType = text.script.python; path = plot_w_vs_wa.py; sourceTree = "<group>"; };
/* End PBXFileReference section */

/* Begin PBXGroup section */
		8E5A880F1A8A2F3300BA637B = {
			isa = PBXGroup;
			children = (
				8E5A88241A8A456500BA637B /* make.py */,
				8EAF8A5C1A8A9B39001DC967 /* test.py */,
				8E5A881C1A8A307800BA637B /* FoM_all_no_prior.py */,
				8EC001121A9B8BC5008F5AB5 /* FoM_all_with_prior.py */,
				8E5A881D1A8A307800BA637B /* FoM_all_.py */,
				8EAF8A5D1A8A9CC4001DC967 /* functions.py */,
				8E5A88231A8A449400BA637B /* constants.py */,
				8E5A88201A8A307800BA637B /* fit_Euclid.py */,
				8EC001131AA09137008F5AB5 /* fit_BOSS.py */,
				8EAF8A601A8CDBF0001DC967 /* plot_Err_H.py */,
				8E5A881A1A8A307800BA637B /* plot_Err_Da.py */,
				8EC001141AA3019D008F5AB5 /* plot_Ok_vs_w.py */,
				8EC001151AA3019D008F5AB5 /* plot_w_vs_wa.py */,
			);
			sourceTree = "<group>";
			usesTabs = 1;
		};
/* End PBXGroup section */

/* Begin PBXLegacyTarget section */
		8E5A88141A8A2F3300BA637B /* SKA_HI_Fisher_Matrix */ = {
			isa = PBXLegacyTarget;
			buildArgumentsString = "$(ACTION)";
			buildConfigurationList = 8E5A88171A8A2F3300BA637B /* Build configuration list for PBXLegacyTarget "SKA_HI_Fisher_Matrix" */;
			buildPhases = (
			);
			buildToolPath = /Users/sahba/anaconda/bin/ipython;
			buildWorkingDirectory = /Users/sahba/Dropbox/SKA_Survey/SKA_HI_Fisher_Matrix;
			dependencies = (
			);
			name = SKA_HI_Fisher_Matrix;
			passBuildSettingsInEnvironment = 1;
			productName = SKA_HI_Fisher_Matrix;
		};
/* End PBXLegacyTarget section */

/* Begin PBXProject section */
		8E5A88101A8A2F3300BA637B /* Project object */ = {
			isa = PBXProject;
			attributes = {
				LastUpgradeCheck = 0610;
				ORGANIZATIONNAME = "Sahba Yahya";
				TargetAttributes = {
					8E5A88141A8A2F3300BA637B = {
						CreatedOnToolsVersion = 6.1.1;
					};
				};
			};
			buildConfigurationList = 8E5A88131A8A2F3300BA637B /* Build configuration list for PBXProject "SKA_HI_Fisher_Matrix" */;
			compatibilityVersion = "Xcode 3.2";
			developmentRegion = English;
			hasScannedForEncodings = 0;
			knownRegions = (
				en,
			);
			mainGroup = 8E5A880F1A8A2F3300BA637B;
			projectDirPath = "";
			projectRoot = "";
			targets = (
				8E5A88141A8A2F3300BA637B /* SKA_HI_Fisher_Matrix */,
			);
		};
/* End PBXProject section */

/* Begin XCBuildConfiguration section */
		8E5A88151A8A2F3300BA637B /* Debug */ = {
			isa = XCBuildConfiguration;
			buildSettings = {
				ALWAYS_SEARCH_USER_PATHS = NO;
				CLANG_CXX_LANGUAGE_STANDARD = "gnu++0x";
				CLANG_CXX_LIBRARY = "libc++";
				CLANG_ENABLE_MODULES = YES;
				CLANG_ENABLE_OBJC_ARC = YES;
				CLANG_WARN_BOOL_CONVERSION = YES;
				CLANG_WARN_CONSTANT_CONVERSION = YES;
				CLANG_WARN_DIRECT_OBJC_ISA_USAGE = YES_ERROR;
				CLANG_WARN_EMPTY_BODY = YES;
				CLANG_WARN_ENUM_CONVERSION = YES;
				CLANG_WARN_INT_CONVERSION = YES;
				CLANG_WARN_OBJC_ROOT_CLASS = YES_ERROR;
				CLANG_WARN_UNREACHABLE_CODE = YES;
				CLANG_WARN__DUPLICATE_METHOD_MATCH = YES;
				COPY_PHASE_STRIP = NO;
				ENABLE_STRICT_OBJC_MSGSEND = YES;
				GCC_C_LANGUAGE_STANDARD = gnu99;
				GCC_DYNAMIC_NO_PIC = NO;
				GCC_OPTIMIZATION_LEVEL = 0;
				GCC_PREPROCESSOR_DEFINITIONS = (
					"DEBUG=1",
					"$(inherited)",
				);
				GCC_SYMBOLS_PRIVATE_EXTERN = NO;
				GCC_WARN_64_TO_32_BIT_CONVERSION = YES;
				GCC_WARN_ABOUT_RETURN_TYPE = YES_ERROR;
				GCC_WARN_UNDECLARED_SELECTOR = YES;
				GCC_WARN_UNINITIALIZED_AUTOS = YES_AGGRESSIVE;
				GCC_WARN_UNUSED_FUNCTION = YES;
				GCC_WARN_UNUSED_VARIABLE = YES;
				MACOSX_DEPLOYMENT_TARGET = 10.10;
				MTL_ENABLE_DEBUG_INFO = YES;
				ONLY_ACTIVE_ARCH = YES;
				SDKROOT = macosx;
			};
			name = Debug;
		};
		8E5A88161A8A2F3300BA637B /* Release */ = {
			isa = XCBuildConfiguration;
			buildSettings = {
				ALWAYS_SEARCH_USER_PATHS = NO;
				CLANG_CXX_LANGUAGE_STANDARD = "gnu++0x";
				CLANG_CXX_LIBRARY = "libc++";
				CLANG_ENABLE_MODULES = YES;
				CLANG_ENABLE_OBJC_ARC = YES;
				CLANG_WARN_BOOL_CONVERSION = YES;
				CLANG_WARN_CONSTANT_CONVERSION = YES;
				CLANG_WARN_DIRECT_OBJC_ISA_USAGE = YES_ERROR;
				CLANG_WARN_EMPTY_BODY = YES;
				CLANG_WARN_ENUM_CONVERSION = YES;
				CLANG_WARN_INT_CONVERSION = YES;
				CLANG_WARN_OBJC_ROOT_CLASS = YES_ERROR;
				CLANG_WARN_UNREACHABLE_CODE = YES;
				CLANG_WARN__DUPLICATE_METHOD_MATCH = YES;
				COPY_PHASE_STRIP = YES;
				DEBUG_INFORMATION_FORMAT = "dwarf-with-dsym";
				ENABLE_NS_ASSERTIONS = NO;
				ENABLE_STRICT_OBJC_MSGSEND = YES;
				GCC_C_LANGUAGE_STANDARD = gnu99;
				GCC_WARN_64_TO_32_BIT_CONVERSION = YES;
				GCC_WARN_ABOUT_RETURN_TYPE = YES_ERROR;
				GCC_WARN_UNDECLARED_SELECTOR = YES;
				GCC_WARN_UNINITIALIZED_AUTOS = YES_AGGRESSIVE;
				GCC_WARN_UNUSED_FUNCTION = YES;
				GCC_WARN_UNUSED_VARIABLE = YES;
				MACOSX_DEPLOYMENT_TARGET = 10.10;
				MTL_ENABLE_DEBUG_INFO = NO;
				SDKROOT = macosx;
			};
			name = Release;
		};
		8E5A88181A8A2F3300BA637B /* Debug */ = {
			isa = XCBuildConfiguration;
			buildSettings = {
				DEBUGGING_SYMBOLS = YES;
				GCC_GENERATE_DEBUGGING_SYMBOLS = YES;
				GCC_OPTIMIZATION_LEVEL = 0;
				OTHER_CFLAGS = "";
				OTHER_LDFLAGS = "";
				PRODUCT_NAME = "$(TARGET_NAME)";
			};
			name = Debug;
		};
		8E5A88191A8A2F3300BA637B /* Release */ = {
			isa = XCBuildConfiguration;
			buildSettings = {
				OTHER_CFLAGS = "";
				OTHER_LDFLAGS = "";
				PRODUCT_NAME = "$(TARGET_NAME)";
			};
			name = Release;
		};
/* End XCBuildConfiguration section */

/* Begin XCConfigurationList section */
		8E5A88131A8A2F3300BA637B /* Build configuration list for PBXProject "SKA_HI_Fisher_Matrix" */ = {
			isa = XCConfigurationList;
			buildConfigurations = (
				8E5A88151A8A2F3300BA637B /* Debug */,
				8E5A88161A8A2F3300BA637B /* Release */,
			);
			defaultConfigurationIsVisible = 0;
			defaultConfigurationName = Release;
		};
		8E5A88171A8A2F3300BA637B /* Build configuration list for PBXLegacyTarget "SKA_HI_Fisher_Matrix" */ = {
			isa = XCConfigurationList;
			buildConfigurations = (
				8E5A88181A8A2F3300BA637B /* Debug */,
				8E5A88191A8A2F3300BA637B /* Release */,
			);
			defaultConfigurationIsVisible = 0;
			defaultConfigurationName = Release;
		};
/* End XCConfigurationList section */
	};
	rootObject = 8E5A88101A8A2F3300BA637B /* Project object */;
}
